
Microsoft Visual Studio Solution File, Format Version 12.00
# Visual Studio Version 17
VisualStudioVersion = 17.0.31912.275
MinimumVisualStudioVersion = 10.0.40219.1
Project("{8BC9CEB8-8B4A-11D0-8D11-00A0C91BC942}") = "5. 베르트랑 공준", "5. 베르트랑 공준\5. 베르트랑 공준.vcxproj", "{DFF84F2B-50F9-40D2-A5C8-5CAF5D21F6CF}"
EndProject
Global
	GlobalSection(SolutionConfigurationPlatforms) = preSolution
		Debug|x64 = Debug|x64
		Debug|x86 = Debug|x86
		Release|x64 = Release|x64
		Release|x86 = Release|x86
	EndGlobalSection
	GlobalSection(ProjectConfigurationPlatforms) = postSolution
		{DFF84F2B-50F9-40D2-A5C8-5CAF5D21F6CF}.Debug|x64.ActiveCfg = Debug|x64
		{DFF84F2B-50F9-40D2-A5C8-5CAF5D21F6CF}.Debug|x64.Build.0 = Debug|x64
		{DFF84F2B-50F9-40D2-A5C8-5CAF5D21F6CF}.Debug|x86.ActiveCfg = Debug|Win32
		{DFF84F2B-50F9-40D2-A5C8-5CAF5D21F6CF}.Debug|x86.Build.0 = Debug|Win32
		{DFF84F2B-50F9-40D2-A5C8-5CAF5D21F6CF}.Release|x64.ActiveCfg = Release|x64
		{DFF84F2B-50F9-40D2-A5C8-5CAF5D21F6CF}.Release|x64.Build.0 = Release|x64
		{DFF84F2B-50F9-40D2-A5C8-5CAF5D21F6CF}.Release|x86.ActiveCfg = Release|Win32
		{DFF84F2B-50F9-40D2-A5C8-5CAF5D21F6CF}.Release|x86.Build.0 = Release|Win32
	EndGlobalSection
	GlobalSection(SolutionProperties) = preSolution
		HideSolutionNode = FALSE
	EndGlobalSection
	GlobalSection(ExtensibilityGlobals) = postSolution
		SolutionGuid = {FB76673A-B26C-4C07-A131-627A6C508D34}
	EndGlobalSection
EndGlobal
