
Microsoft Visual Studio Solution File, Format Version 12.00
# Visual Studio Version 17
VisualStudioVersion = 17.0.31912.275
MinimumVisualStudioVersion = 10.0.40219.1
Project("{8BC9CEB8-8B4A-11D0-8D11-00A0C91BC942}") = "10. 별 찍기 - 2", "10. 별 찍기 - 2\10. 별 찍기 - 2.vcxproj", "{C813EBFE-1875-4CBC-9242-66C1706CC367}"
EndProject
Global
	GlobalSection(SolutionConfigurationPlatforms) = preSolution
		Debug|x64 = Debug|x64
		Debug|x86 = Debug|x86
		Release|x64 = Release|x64
		Release|x86 = Release|x86
	EndGlobalSection
	GlobalSection(ProjectConfigurationPlatforms) = postSolution
		{C813EBFE-1875-4CBC-9242-66C1706CC367}.Debug|x64.ActiveCfg = Debug|x64
		{C813EBFE-1875-4CBC-9242-66C1706CC367}.Debug|x64.Build.0 = Debug|x64
		{C813EBFE-1875-4CBC-9242-66C1706CC367}.Debug|x86.ActiveCfg = Debug|Win32
		{C813EBFE-1875-4CBC-9242-66C1706CC367}.Debug|x86.Build.0 = Debug|Win32
		{C813EBFE-1875-4CBC-9242-66C1706CC367}.Release|x64.ActiveCfg = Release|x64
		{C813EBFE-1875-4CBC-9242-66C1706CC367}.Release|x64.Build.0 = Release|x64
		{C813EBFE-1875-4CBC-9242-66C1706CC367}.Release|x86.ActiveCfg = Release|Win32
		{C813EBFE-1875-4CBC-9242-66C1706CC367}.Release|x86.Build.0 = Release|Win32
	EndGlobalSection
	GlobalSection(SolutionProperties) = preSolution
		HideSolutionNode = FALSE
	EndGlobalSection
	GlobalSection(ExtensibilityGlobals) = postSolution
		SolutionGuid = {0C86BBC1-104E-458B-AB41-49E23D07E956}
	EndGlobalSection
EndGlobal
