
Microsoft Visual Studio Solution File, Format Version 12.00
# Visual Studio Version 17
VisualStudioVersion = 17.0.31912.275
MinimumVisualStudioVersion = 10.0.40219.1
Project("{8BC9CEB8-8B4A-11D0-8D11-00A0C91BC942}") = "1. 팩토리얼", "1. 팩토리얼\1. 팩토리얼.vcxproj", "{08F0934E-E1FA-41A5-9A59-5230B5724121}"
EndProject
Global
	GlobalSection(SolutionConfigurationPlatforms) = preSolution
		Debug|x64 = Debug|x64
		Debug|x86 = Debug|x86
		Release|x64 = Release|x64
		Release|x86 = Release|x86
	EndGlobalSection
	GlobalSection(ProjectConfigurationPlatforms) = postSolution
		{08F0934E-E1FA-41A5-9A59-5230B5724121}.Debug|x64.ActiveCfg = Debug|x64
		{08F0934E-E1FA-41A5-9A59-5230B5724121}.Debug|x64.Build.0 = Debug|x64
		{08F0934E-E1FA-41A5-9A59-5230B5724121}.Debug|x86.ActiveCfg = Debug|Win32
		{08F0934E-E1FA-41A5-9A59-5230B5724121}.Debug|x86.Build.0 = Debug|Win32
		{08F0934E-E1FA-41A5-9A59-5230B5724121}.Release|x64.ActiveCfg = Release|x64
		{08F0934E-E1FA-41A5-9A59-5230B5724121}.Release|x64.Build.0 = Release|x64
		{08F0934E-E1FA-41A5-9A59-5230B5724121}.Release|x86.ActiveCfg = Release|Win32
		{08F0934E-E1FA-41A5-9A59-5230B5724121}.Release|x86.Build.0 = Release|Win32
	EndGlobalSection
	GlobalSection(SolutionProperties) = preSolution
		HideSolutionNode = FALSE
	EndGlobalSection
	GlobalSection(ExtensibilityGlobals) = postSolution
		SolutionGuid = {78EAC97C-1292-4483-AD60-A02086894424}
	EndGlobalSection
EndGlobal
