
Microsoft Visual Studio Solution File, Format Version 12.00
# Visual Studio Version 17
VisualStudioVersion = 17.0.31912.275
MinimumVisualStudioVersion = 10.0.40219.1
Project("{8BC9CEB8-8B4A-11D0-8D11-00A0C91BC942}") = "10. 그룹 단어 체커", "10. 그룹 단어 체커\10. 그룹 단어 체커.vcxproj", "{FC2CFAE8-976C-4794-A999-EBCB7AF40E6A}"
EndProject
Global
	GlobalSection(SolutionConfigurationPlatforms) = preSolution
		Debug|x64 = Debug|x64
		Debug|x86 = Debug|x86
		Release|x64 = Release|x64
		Release|x86 = Release|x86
	EndGlobalSection
	GlobalSection(ProjectConfigurationPlatforms) = postSolution
		{FC2CFAE8-976C-4794-A999-EBCB7AF40E6A}.Debug|x64.ActiveCfg = Debug|x64
		{FC2CFAE8-976C-4794-A999-EBCB7AF40E6A}.Debug|x64.Build.0 = Debug|x64
		{FC2CFAE8-976C-4794-A999-EBCB7AF40E6A}.Debug|x86.ActiveCfg = Debug|Win32
		{FC2CFAE8-976C-4794-A999-EBCB7AF40E6A}.Debug|x86.Build.0 = Debug|Win32
		{FC2CFAE8-976C-4794-A999-EBCB7AF40E6A}.Release|x64.ActiveCfg = Release|x64
		{FC2CFAE8-976C-4794-A999-EBCB7AF40E6A}.Release|x64.Build.0 = Release|x64
		{FC2CFAE8-976C-4794-A999-EBCB7AF40E6A}.Release|x86.ActiveCfg = Release|Win32
		{FC2CFAE8-976C-4794-A999-EBCB7AF40E6A}.Release|x86.Build.0 = Release|Win32
	EndGlobalSection
	GlobalSection(SolutionProperties) = preSolution
		HideSolutionNode = FALSE
	EndGlobalSection
	GlobalSection(ExtensibilityGlobals) = postSolution
		SolutionGuid = {29517E0D-73F3-4B88-87D5-58725D7F4D9E}
	EndGlobalSection
EndGlobal
