
Microsoft Visual Studio Solution File, Format Version 12.00
# Visual Studio Version 17
VisualStudioVersion = 17.0.31912.275
MinimumVisualStudioVersion = 10.0.40219.1
Project("{8BC9CEB8-8B4A-11D0-8D11-00A0C91BC942}") = "5. 평균", "5. 평균\5. 평균.vcxproj", "{45BFA0B9-BD73-40FF-A2AE-16CC38CB6630}"
EndProject
Global
	GlobalSection(SolutionConfigurationPlatforms) = preSolution
		Debug|x64 = Debug|x64
		Debug|x86 = Debug|x86
		Release|x64 = Release|x64
		Release|x86 = Release|x86
	EndGlobalSection
	GlobalSection(ProjectConfigurationPlatforms) = postSolution
		{45BFA0B9-BD73-40FF-A2AE-16CC38CB6630}.Debug|x64.ActiveCfg = Debug|x64
		{45BFA0B9-BD73-40FF-A2AE-16CC38CB6630}.Debug|x64.Build.0 = Debug|x64
		{45BFA0B9-BD73-40FF-A2AE-16CC38CB6630}.Debug|x86.ActiveCfg = Debug|Win32
		{45BFA0B9-BD73-40FF-A2AE-16CC38CB6630}.Debug|x86.Build.0 = Debug|Win32
		{45BFA0B9-BD73-40FF-A2AE-16CC38CB6630}.Release|x64.ActiveCfg = Release|x64
		{45BFA0B9-BD73-40FF-A2AE-16CC38CB6630}.Release|x64.Build.0 = Release|x64
		{45BFA0B9-BD73-40FF-A2AE-16CC38CB6630}.Release|x86.ActiveCfg = Release|Win32
		{45BFA0B9-BD73-40FF-A2AE-16CC38CB6630}.Release|x86.Build.0 = Release|Win32
	EndGlobalSection
	GlobalSection(SolutionProperties) = preSolution
		HideSolutionNode = FALSE
	EndGlobalSection
	GlobalSection(ExtensibilityGlobals) = postSolution
		SolutionGuid = {E2EE0754-4ABD-4DBB-861D-6809ED0DA93A}
	EndGlobalSection
EndGlobal
